{
  "requires": true,
  "lockfileVersion": 1,
  "dependencies": {
    "react-use-websocket": {
      "version": "2.2.0",
      "resolved": "https://registry.npmjs.org/react-use-websocket/-/react-use-websocket-2.2.0.tgz",
      "integrity": "sha512-Pt7lbnHxEOTOwO51TD9Nk5cSpuIOQ25hPVb9c0n7HDkciqAYSx9TQxs2clz6pA8KrFlTIHrV5/Pu+cb8MEb5fg=="
    }
  }
}
